{
  "object": {
    "pins": [
      {
        "package": "CardIOSDK",
        "repositoryURL": "https://github.com/verygoodsecurity/CardIOSDK-iOS.git",
        "state": {
          "branch": null,
          "revision": "9f21bec2d2f12d14ffbe8305c44ceff9b60e35af",
          "version": "5.5.7"
        }
      },
      {
        "package": "CardScan",
        "repositoryURL": "https://github.com/getbouncer/cardscan-ios.git",
        "state": {
          "branch": null,
          "revision": "84e7d1e7805675274edd85bc786b2dd1e4d864e0",
          "version": "2.0.9"
        }
      },
      {
        "package": "LaunchDarkly",
        "repositoryURL": "https://github.com/launchdarkly/ios-client-sdk.git",
        "state": {
          "branch": null,
          "revision": "4274708ead155753818ba03f7e2dd3bba677dd35",
          "version": "8.0.1"
        }
      },
      {
        "package": "LDSwiftEventSource",
        "repositoryURL": "https://github.com/LaunchDarkly/swift-eventsource.git",
        "state": {
          "branch": null,
          "revision": "aa03131eb30bbc35513153609ed65209853603a7",
          "version": "3.0.0"
        }
      },
      {
        "package": "VGSCollectSDK",
        "repositoryURL": "https://github.com/verygoodsecurity/vgs-collect-ios.git",
        "state": {
          "branch": null,
          "revision": "33a6c0de3c62778ba4f92629fb737e8b3013b60f",
          "version": "1.11.2"
        }
      }
    ]
  },
  "version": 1
}
