{
  "object": {
    "pins": [
      {
        "package": "VGSCollectSDK",
        "repositoryURL": "https://github.com/verygoodsecurity/vgs-collect-ios.git",
        "state": {
          "branch": null,
          "revision": "33a6c0de3c62778ba4f92629fb737e8b3013b60f",
          "version": "1.11.2"
        }
      }
    ]
  },
  "version": 1
}
